dependencies:
- name: dagster-user-deployments
  repository: ""
  version: 1.9.11
- name: postgresql
  repository: https://raw.githubusercontent.com/bitnami/charts/eb5f9a9513d987b519f0ecd732e7031241c50328/bitnami
  version: 8.1.0
- name: rabbitmq
  repository: https://raw.githubusercontent.com/bitnami/charts/eb5f9a9513d987b519f0ecd732e7031241c50328/bitnami
  version: 6.16.3
- name: redis
  repository: https://raw.githubusercontent.com/bitnami/charts/eb5f9a9513d987b519f0ecd732e7031241c50328/bitnami
  version: 12.7.4
digest: sha256:7842f685383276cc5cc49c4e0aab51ba1d11725b059683e09f2b77ade192e978
generated: "2025-01-29T21:48:03.858265347Z"
